
Microsoft Visual Studio Solution File, Format Version 12.00
# Visual Studio 14
VisualStudioVersion = 14.0.25420.1
MinimumVisualStudioVersion = 10.0.40219.1
Project("{FAE04EC0-301F-11D3-BF4B-00C04F79EFBC}") = "MultiThreading", "MultiThreading\MultiThreading.csproj", "{1C328043-354C-496D-8D14-9C5BEF1B7045}"
EndProject
Project("{FAE04EC0-301F-11D3-BF4B-00C04F79EFBC}") = "MultiThreading2", "MultiThreading2\MultiThreading2.csproj", "{87BC14B3-2C21-469A-A341-01A6B280D02A}"
EndProject
Project("{FAE04EC0-301F-11D3-BF4B-00C04F79EFBC}") = "MultiThreading3", "MultiThreading3\MultiThreading3.csproj", "{4263D487-CB7D-4325-B31B-85B316FADC14}"
EndProject
Project("{FAE04EC0-301F-11D3-BF4B-00C04F79EFBC}") = "MultiThreading_Mutex", "MultiThreading_Mutex\MultiThreading_Mutex.csproj", "{C0B45635-F5D6-4A4C-938C-731638BA1D6B}"
EndProject
Project("{FAE04EC0-301F-11D3-BF4B-00C04F79EFBC}") = "MultiThreading_Task", "MultiThreading_Task\MultiThreading_Task.csproj", "{DA945A35-71D1-424B-B7B3-316EAA6C8AE4}"
EndProject
Project("{FAE04EC0-301F-11D3-BF4B-00C04F79EFBC}") = "MultiThreading_Task2", "MultiThreading_Task2\MultiThreading_Task2.csproj", "{BC7E6829-456E-4B7B-8B0D-2DB7AA6B1924}"
EndProject
Project("{FAE04EC0-301F-11D3-BF4B-00C04F79EFBC}") = "MultiThreadins_AsyncAwait", "MultiThreadins_AsyncAwait\MultiThreadins_AsyncAwait.csproj", "{46F29FC3-4263-45AE-B138-AE83C8D0FCA3}"
EndProject
Project("{FAE04EC0-301F-11D3-BF4B-00C04F79EFBC}") = "MultiThreading_Semaphore", "MultiThreading_Semaphore\MultiThreading_Semaphore.csproj", "{2138F914-B542-44FF-864E-A8BF8F59A870}"
EndProject
Global
	GlobalSection(SolutionConfigurationPlatforms) = preSolution
		Debug|Any CPU = Debug|Any CPU
		Release|Any CPU = Release|Any CPU
	EndGlobalSection
	GlobalSection(ProjectConfigurationPlatforms) = postSolution
		{1C328043-354C-496D-8D14-9C5BEF1B7045}.Debug|Any CPU.ActiveCfg = Debug|Any CPU
		{1C328043-354C-496D-8D14-9C5BEF1B7045}.Debug|Any CPU.Build.0 = Debug|Any CPU
		{1C328043-354C-496D-8D14-9C5BEF1B7045}.Release|Any CPU.ActiveCfg = Release|Any CPU
		{1C328043-354C-496D-8D14-9C5BEF1B7045}.Release|Any CPU.Build.0 = Release|Any CPU
		{87BC14B3-2C21-469A-A341-01A6B280D02A}.Debug|Any CPU.ActiveCfg = Debug|Any CPU
		{87BC14B3-2C21-469A-A341-01A6B280D02A}.Debug|Any CPU.Build.0 = Debug|Any CPU
		{87BC14B3-2C21-469A-A341-01A6B280D02A}.Release|Any CPU.ActiveCfg = Release|Any CPU
		{87BC14B3-2C21-469A-A341-01A6B280D02A}.Release|Any CPU.Build.0 = Release|Any CPU
		{4263D487-CB7D-4325-B31B-85B316FADC14}.Debug|Any CPU.ActiveCfg = Debug|Any CPU
		{4263D487-CB7D-4325-B31B-85B316FADC14}.Debug|Any CPU.Build.0 = Debug|Any CPU
		{4263D487-CB7D-4325-B31B-85B316FADC14}.Release|Any CPU.ActiveCfg = Release|Any CPU
		{4263D487-CB7D-4325-B31B-85B316FADC14}.Release|Any CPU.Build.0 = Release|Any CPU
		{C0B45635-F5D6-4A4C-938C-731638BA1D6B}.Debug|Any CPU.ActiveCfg = Debug|Any CPU
		{C0B45635-F5D6-4A4C-938C-731638BA1D6B}.Debug|Any CPU.Build.0 = Debug|Any CPU
		{C0B45635-F5D6-4A4C-938C-731638BA1D6B}.Release|Any CPU.ActiveCfg = Release|Any CPU
		{C0B45635-F5D6-4A4C-938C-731638BA1D6B}.Release|Any CPU.Build.0 = Release|Any CPU
		{DA945A35-71D1-424B-B7B3-316EAA6C8AE4}.Debug|Any CPU.ActiveCfg = Debug|Any CPU
		{DA945A35-71D1-424B-B7B3-316EAA6C8AE4}.Debug|Any CPU.Build.0 = Debug|Any CPU
		{DA945A35-71D1-424B-B7B3-316EAA6C8AE4}.Release|Any CPU.ActiveCfg = Release|Any CPU
		{DA945A35-71D1-424B-B7B3-316EAA6C8AE4}.Release|Any CPU.Build.0 = Release|Any CPU
		{BC7E6829-456E-4B7B-8B0D-2DB7AA6B1924}.Debug|Any CPU.ActiveCfg = Debug|Any CPU
		{BC7E6829-456E-4B7B-8B0D-2DB7AA6B1924}.Debug|Any CPU.Build.0 = Debug|Any CPU
		{BC7E6829-456E-4B7B-8B0D-2DB7AA6B1924}.Release|Any CPU.ActiveCfg = Release|Any CPU
		{BC7E6829-456E-4B7B-8B0D-2DB7AA6B1924}.Release|Any CPU.Build.0 = Release|Any CPU
		{46F29FC3-4263-45AE-B138-AE83C8D0FCA3}.Debug|Any CPU.ActiveCfg = Debug|Any CPU
		{46F29FC3-4263-45AE-B138-AE83C8D0FCA3}.Debug|Any CPU.Build.0 = Debug|Any CPU
		{46F29FC3-4263-45AE-B138-AE83C8D0FCA3}.Release|Any CPU.ActiveCfg = Release|Any CPU
		{46F29FC3-4263-45AE-B138-AE83C8D0FCA3}.Release|Any CPU.Build.0 = Release|Any CPU
		{2138F914-B542-44FF-864E-A8BF8F59A870}.Debug|Any CPU.ActiveCfg = Debug|Any CPU
		{2138F914-B542-44FF-864E-A8BF8F59A870}.Debug|Any CPU.Build.0 = Debug|Any CPU
		{2138F914-B542-44FF-864E-A8BF8F59A870}.Release|Any CPU.ActiveCfg = Release|Any CPU
		{2138F914-B542-44FF-864E-A8BF8F59A870}.Release|Any CPU.Build.0 = Release|Any CPU
	EndGlobalSection
	GlobalSection(SolutionProperties) = preSolution
		HideSolutionNode = FALSE
	EndGlobalSection
EndGlobal
