
Microsoft Visual Studio Solution File, Format Version 12.00
# Visual Studio 14
VisualStudioVersion = 14.0.23107.0
MinimumVisualStudioVersion = 10.0.40219.1
Project("{FAE04EC0-301F-11D3-BF4B-00C04F79EFBC}") = "Dispose_Singleton", "Patterns\Dispose_Singleton.csproj", "{CBA643CA-A9AE-439A-883E-A9F9F4D04065}"
EndProject
Project("{FAE04EC0-301F-11D3-BF4B-00C04F79EFBC}") = "Adapter", "Adapter\Adapter.csproj", "{F3FEA667-8F39-4E9E-AEC6-3A380E9BE15B}"
EndProject
Project("{FAE04EC0-301F-11D3-BF4B-00C04F79EFBC}") = "Facade", "Facade\Facade.csproj", "{45FBFA4B-E5A1-4DF7-92A3-46126C2C3414}"
EndProject
Project("{FAE04EC0-301F-11D3-BF4B-00C04F79EFBC}") = "Builder", "Builder\Builder.csproj", "{7027D34D-58AB-48D8-B08B-5BAAD292F92D}"
EndProject
Project("{FAE04EC0-301F-11D3-BF4B-00C04F79EFBC}") = "State", "State\State.csproj", "{BC9A2280-CBF3-49DE-A6F5-5A3D5E8A0ABD}"
EndProject
Global
	GlobalSection(SolutionConfigurationPlatforms) = preSolution
		Debug|Any CPU = Debug|Any CPU
		Release|Any CPU = Release|Any CPU
	EndGlobalSection
	GlobalSection(ProjectConfigurationPlatforms) = postSolution
		{CBA643CA-A9AE-439A-883E-A9F9F4D04065}.Debug|Any CPU.ActiveCfg = Debug|Any CPU
		{CBA643CA-A9AE-439A-883E-A9F9F4D04065}.Debug|Any CPU.Build.0 = Debug|Any CPU
		{CBA643CA-A9AE-439A-883E-A9F9F4D04065}.Release|Any CPU.ActiveCfg = Release|Any CPU
		{CBA643CA-A9AE-439A-883E-A9F9F4D04065}.Release|Any CPU.Build.0 = Release|Any CPU
		{F3FEA667-8F39-4E9E-AEC6-3A380E9BE15B}.Debug|Any CPU.ActiveCfg = Debug|Any CPU
		{F3FEA667-8F39-4E9E-AEC6-3A380E9BE15B}.Debug|Any CPU.Build.0 = Debug|Any CPU
		{F3FEA667-8F39-4E9E-AEC6-3A380E9BE15B}.Release|Any CPU.ActiveCfg = Release|Any CPU
		{F3FEA667-8F39-4E9E-AEC6-3A380E9BE15B}.Release|Any CPU.Build.0 = Release|Any CPU
		{45FBFA4B-E5A1-4DF7-92A3-46126C2C3414}.Debug|Any CPU.ActiveCfg = Debug|Any CPU
		{45FBFA4B-E5A1-4DF7-92A3-46126C2C3414}.Debug|Any CPU.Build.0 = Debug|Any CPU
		{45FBFA4B-E5A1-4DF7-92A3-46126C2C3414}.Release|Any CPU.ActiveCfg = Release|Any CPU
		{45FBFA4B-E5A1-4DF7-92A3-46126C2C3414}.Release|Any CPU.Build.0 = Release|Any CPU
		{7027D34D-58AB-48D8-B08B-5BAAD292F92D}.Debug|Any CPU.ActiveCfg = Debug|Any CPU
		{7027D34D-58AB-48D8-B08B-5BAAD292F92D}.Debug|Any CPU.Build.0 = Debug|Any CPU
		{7027D34D-58AB-48D8-B08B-5BAAD292F92D}.Release|Any CPU.ActiveCfg = Release|Any CPU
		{7027D34D-58AB-48D8-B08B-5BAAD292F92D}.Release|Any CPU.Build.0 = Release|Any CPU
		{BC9A2280-CBF3-49DE-A6F5-5A3D5E8A0ABD}.Debug|Any CPU.ActiveCfg = Debug|Any CPU
		{BC9A2280-CBF3-49DE-A6F5-5A3D5E8A0ABD}.Debug|Any CPU.Build.0 = Debug|Any CPU
		{BC9A2280-CBF3-49DE-A6F5-5A3D5E8A0ABD}.Release|Any CPU.ActiveCfg = Release|Any CPU
		{BC9A2280-CBF3-49DE-A6F5-5A3D5E8A0ABD}.Release|Any CPU.Build.0 = Release|Any CPU
	EndGlobalSection
	GlobalSection(SolutionProperties) = preSolution
		HideSolutionNode = FALSE
	EndGlobalSection
EndGlobal
