
Microsoft Visual Studio Solution File, Format Version 12.00
# Visual Studio 14
VisualStudioVersion = 14.0.23107.0
MinimumVisualStudioVersion = 10.0.40219.1
Project("{FAE04EC0-301F-11D3-BF4B-00C04F79EFBC}") = "UnitTests", "UnitTests\UnitTests.csproj", "{E4299382-4FCA-451F-9AA8-7DE4348FE158}"
EndProject
Project("{FAE04EC0-301F-11D3-BF4B-00C04F79EFBC}") = "CellPhones", "CellPhones\CellPhones.csproj", "{3EACBA4F-BC7C-4284-9CFA-65F3EBDC109A}"
EndProject
Global
	GlobalSection(SolutionConfigurationPlatforms) = preSolution
		Debug|Any CPU = Debug|Any CPU
		Release|Any CPU = Release|Any CPU
	EndGlobalSection
	GlobalSection(ProjectConfigurationPlatforms) = postSolution
		{E4299382-4FCA-451F-9AA8-7DE4348FE158}.Debug|Any CPU.ActiveCfg = Debug|Any CPU
		{E4299382-4FCA-451F-9AA8-7DE4348FE158}.Debug|Any CPU.Build.0 = Debug|Any CPU
		{E4299382-4FCA-451F-9AA8-7DE4348FE158}.Release|Any CPU.ActiveCfg = Release|Any CPU
		{E4299382-4FCA-451F-9AA8-7DE4348FE158}.Release|Any CPU.Build.0 = Release|Any CPU
		{3EACBA4F-BC7C-4284-9CFA-65F3EBDC109A}.Debug|Any CPU.ActiveCfg = Debug|Any CPU
		{3EACBA4F-BC7C-4284-9CFA-65F3EBDC109A}.Debug|Any CPU.Build.0 = Debug|Any CPU
		{3EACBA4F-BC7C-4284-9CFA-65F3EBDC109A}.Release|Any CPU.ActiveCfg = Release|Any CPU
		{3EACBA4F-BC7C-4284-9CFA-65F3EBDC109A}.Release|Any CPU.Build.0 = Release|Any CPU
	EndGlobalSection
	GlobalSection(SolutionProperties) = preSolution
		HideSolutionNode = FALSE
	EndGlobalSection
EndGlobal
